
Microsoft Visual Studio Solution File, Format Version 12.00
# Visual Studio 2013
VisualStudioVersion = 12.0.30501.0
MinimumVisualStudioVersion = 10.0.40219.1
Project("{FAE04EC0-301F-11D3-BF4B-00C04F79EFBC}") = "QRCode", "QRCode\QRCode.csproj", "{B93388B3-97C2-4C64-B53F-9DCD94AD4EB0}"
EndProject
Project("{FAE04EC0-301F-11D3-BF4B-00C04F79EFBC}") = "WebCamera", "WebCamera\WebCamera.csproj", "{262D849C-9DF9-4DC9-8CA4-2EB7C3899C9A}"
EndProject
Project("{FAE04EC0-301F-11D3-BF4B-00C04F79EFBC}") = "CVR_ID", "CVR_ID\CVR_ID.csproj", "{BABAE79F-14B6-4AE8-9B8E-0A49543F8CE2}"
EndProject
Project("{FAE04EC0-301F-11D3-BF4B-00C04F79EFBC}") = "QRCodePrint", "QRCodePrint\QRCodePrint.csproj", "{D3889B97-AE9C-4D8A-B7E4-C2F09724A2FE}"
EndProject
Project("{FAE04EC0-301F-11D3-BF4B-00C04F79EFBC}") = "QRReader", "QRReader\QRReader.csproj", "{139D7C44-30A7-48CC-9F51-E2C43B4E9288}"
EndProject
Project("{FAE04EC0-301F-11D3-BF4B-00C04F79EFBC}") = "Common", "Common\Common.csproj", "{D9A220D7-0C6C-4DFE-B183-DD41444886C7}"
EndProject
Project("{FAE04EC0-301F-11D3-BF4B-00C04F79EFBC}") = "DataRecords", "DataRecords\DataRecords.csproj", "{1DA0F964-7B3C-4C2E-B40A-9D9AED95BAE0}"
EndProject
Project("{FAE04EC0-301F-11D3-BF4B-00C04F79EFBC}") = "FastReportNet", "FastReportNet\FastReportNet.csproj", "{05A96C8D-888F-4772-80B0-294D3382F921}"
EndProject
Project("{FAE04EC0-301F-11D3-BF4B-00C04F79EFBC}") = "F7511C", "F7511C\F7511C.csproj", "{7A52BDD4-AA01-4775-92EC-AE10B951E6A3}"
EndProject
Project("{FAE04EC0-301F-11D3-BF4B-00C04F79EFBC}") = "XzxID", "XzxID\XzxID.csproj", "{A9D86B5E-40A7-46ED-A9A1-376729F8C82C}"
EndProject
Project("{FAE04EC0-301F-11D3-BF4B-00C04F79EFBC}") = "IO", "IO\IO.csproj", "{C8D8F727-86D6-4AEE-AAE8-2A0989F32FFD}"
EndProject
Project("{FAE04EC0-301F-11D3-BF4B-00C04F79EFBC}") = "Honeywell3580", "Honeywell3580\Honeywell3580.csproj", "{63EE42E0-044C-4148-A627-0D8B2E5ECB88}"
EndProject
Project("{FAE04EC0-301F-11D3-BF4B-00C04F79EFBC}") = "CRT571", "CRT571\CRT571.csproj", "{9CF78801-ECF0-4E09-8292-33E39A995180}"
EndProject
Project("{FAE04EC0-301F-11D3-BF4B-00C04F79EFBC}") = "FKWebServices", "FKWebServices\FKWebServices.csproj", "{BC45A9FE-D5FB-4A7E-A521-813DC4F1331C}"
EndProject
Project("{FAE04EC0-301F-11D3-BF4B-00C04F79EFBC}") = "MobileClient", "MobileClient\MobileClient.csproj", "{6F7A9192-5E69-4833-9A60-7D380BC70F55}"
	ProjectSection(ProjectDependencies) = postProject
		{BC45A9FE-D5FB-4A7E-A521-813DC4F1331C} = {BC45A9FE-D5FB-4A7E-A521-813DC4F1331C}
	EndProjectSection
EndProject
Project("{FAE04EC0-301F-11D3-BF4B-00C04F79EFBC}") = "FKWCFServices", "FKWCFServices\FKWCFServices.csproj", "{74B87C44-DB3D-4DBC-9202-07B376564B2E}"
EndProject
Project("{FAE04EC0-301F-11D3-BF4B-00C04F79EFBC}") = "WCFClient", "WCFClient\WCFClient.csproj", "{12EC7B1E-F8D5-4A9D-8FB2-B68F191A95D0}"
	ProjectSection(ProjectDependencies) = postProject
		{74B87C44-DB3D-4DBC-9202-07B376564B2E} = {74B87C44-DB3D-4DBC-9202-07B376564B2E}
	EndProjectSection
EndProject
Global
	GlobalSection(SolutionConfigurationPlatforms) = preSolution
		Debug|Any CPU = Debug|Any CPU
		Release|Any CPU = Release|Any CPU
	EndGlobalSection
	GlobalSection(ProjectConfigurationPlatforms) = postSolution
		{B93388B3-97C2-4C64-B53F-9DCD94AD4EB0}.Debug|Any CPU.ActiveCfg = Debug|Any CPU
		{B93388B3-97C2-4C64-B53F-9DCD94AD4EB0}.Debug|Any CPU.Build.0 = Debug|Any CPU
		{B93388B3-97C2-4C64-B53F-9DCD94AD4EB0}.Release|Any CPU.ActiveCfg = Release|Any CPU
		{B93388B3-97C2-4C64-B53F-9DCD94AD4EB0}.Release|Any CPU.Build.0 = Release|Any CPU
		{262D849C-9DF9-4DC9-8CA4-2EB7C3899C9A}.Debug|Any CPU.ActiveCfg = Debug|Any CPU
		{262D849C-9DF9-4DC9-8CA4-2EB7C3899C9A}.Debug|Any CPU.Build.0 = Debug|Any CPU
		{262D849C-9DF9-4DC9-8CA4-2EB7C3899C9A}.Release|Any CPU.ActiveCfg = Release|Any CPU
		{262D849C-9DF9-4DC9-8CA4-2EB7C3899C9A}.Release|Any CPU.Build.0 = Release|Any CPU
		{BABAE79F-14B6-4AE8-9B8E-0A49543F8CE2}.Debug|Any CPU.ActiveCfg = Debug|Any CPU
		{BABAE79F-14B6-4AE8-9B8E-0A49543F8CE2}.Debug|Any CPU.Build.0 = Debug|Any CPU
		{BABAE79F-14B6-4AE8-9B8E-0A49543F8CE2}.Release|Any CPU.ActiveCfg = Release|Any CPU
		{BABAE79F-14B6-4AE8-9B8E-0A49543F8CE2}.Release|Any CPU.Build.0 = Release|Any CPU
		{D3889B97-AE9C-4D8A-B7E4-C2F09724A2FE}.Debug|Any CPU.ActiveCfg = Debug|Any CPU
		{D3889B97-AE9C-4D8A-B7E4-C2F09724A2FE}.Debug|Any CPU.Build.0 = Debug|Any CPU
		{D3889B97-AE9C-4D8A-B7E4-C2F09724A2FE}.Release|Any CPU.ActiveCfg = Release|Any CPU
		{D3889B97-AE9C-4D8A-B7E4-C2F09724A2FE}.Release|Any CPU.Build.0 = Release|Any CPU
		{139D7C44-30A7-48CC-9F51-E2C43B4E9288}.Debug|Any CPU.ActiveCfg = Debug|Any CPU
		{139D7C44-30A7-48CC-9F51-E2C43B4E9288}.Debug|Any CPU.Build.0 = Debug|Any CPU
		{139D7C44-30A7-48CC-9F51-E2C43B4E9288}.Release|Any CPU.ActiveCfg = Release|Any CPU
		{139D7C44-30A7-48CC-9F51-E2C43B4E9288}.Release|Any CPU.Build.0 = Release|Any CPU
		{D9A220D7-0C6C-4DFE-B183-DD41444886C7}.Debug|Any CPU.ActiveCfg = Debug|Any CPU
		{D9A220D7-0C6C-4DFE-B183-DD41444886C7}.Debug|Any CPU.Build.0 = Debug|Any CPU
		{D9A220D7-0C6C-4DFE-B183-DD41444886C7}.Release|Any CPU.ActiveCfg = Release|Any CPU
		{D9A220D7-0C6C-4DFE-B183-DD41444886C7}.Release|Any CPU.Build.0 = Release|Any CPU
		{1DA0F964-7B3C-4C2E-B40A-9D9AED95BAE0}.Debug|Any CPU.ActiveCfg = Debug|Any CPU
		{1DA0F964-7B3C-4C2E-B40A-9D9AED95BAE0}.Debug|Any CPU.Build.0 = Debug|Any CPU
		{1DA0F964-7B3C-4C2E-B40A-9D9AED95BAE0}.Release|Any CPU.ActiveCfg = Release|Any CPU
		{1DA0F964-7B3C-4C2E-B40A-9D9AED95BAE0}.Release|Any CPU.Build.0 = Release|Any CPU
		{05A96C8D-888F-4772-80B0-294D3382F921}.Debug|Any CPU.ActiveCfg = Debug|Any CPU
		{05A96C8D-888F-4772-80B0-294D3382F921}.Debug|Any CPU.Build.0 = Debug|Any CPU
		{05A96C8D-888F-4772-80B0-294D3382F921}.Release|Any CPU.ActiveCfg = Release|Any CPU
		{05A96C8D-888F-4772-80B0-294D3382F921}.Release|Any CPU.Build.0 = Release|Any CPU
		{7A52BDD4-AA01-4775-92EC-AE10B951E6A3}.Debug|Any CPU.ActiveCfg = Debug|Any CPU
		{7A52BDD4-AA01-4775-92EC-AE10B951E6A3}.Debug|Any CPU.Build.0 = Debug|Any CPU
		{7A52BDD4-AA01-4775-92EC-AE10B951E6A3}.Release|Any CPU.ActiveCfg = Release|Any CPU
		{7A52BDD4-AA01-4775-92EC-AE10B951E6A3}.Release|Any CPU.Build.0 = Release|Any CPU
		{A9D86B5E-40A7-46ED-A9A1-376729F8C82C}.Debug|Any CPU.ActiveCfg = Debug|Any CPU
		{A9D86B5E-40A7-46ED-A9A1-376729F8C82C}.Debug|Any CPU.Build.0 = Debug|Any CPU
		{A9D86B5E-40A7-46ED-A9A1-376729F8C82C}.Release|Any CPU.ActiveCfg = Release|Any CPU
		{A9D86B5E-40A7-46ED-A9A1-376729F8C82C}.Release|Any CPU.Build.0 = Release|Any CPU
		{C8D8F727-86D6-4AEE-AAE8-2A0989F32FFD}.Debug|Any CPU.ActiveCfg = Debug|Any CPU
		{C8D8F727-86D6-4AEE-AAE8-2A0989F32FFD}.Debug|Any CPU.Build.0 = Debug|Any CPU
		{C8D8F727-86D6-4AEE-AAE8-2A0989F32FFD}.Release|Any CPU.ActiveCfg = Release|Any CPU
		{C8D8F727-86D6-4AEE-AAE8-2A0989F32FFD}.Release|Any CPU.Build.0 = Release|Any CPU
		{63EE42E0-044C-4148-A627-0D8B2E5ECB88}.Debug|Any CPU.ActiveCfg = Debug|Any CPU
		{63EE42E0-044C-4148-A627-0D8B2E5ECB88}.Debug|Any CPU.Build.0 = Debug|Any CPU
		{63EE42E0-044C-4148-A627-0D8B2E5ECB88}.Release|Any CPU.ActiveCfg = Release|Any CPU
		{63EE42E0-044C-4148-A627-0D8B2E5ECB88}.Release|Any CPU.Build.0 = Release|Any CPU
		{9CF78801-ECF0-4E09-8292-33E39A995180}.Debug|Any CPU.ActiveCfg = Debug|Any CPU
		{9CF78801-ECF0-4E09-8292-33E39A995180}.Debug|Any CPU.Build.0 = Debug|Any CPU
		{9CF78801-ECF0-4E09-8292-33E39A995180}.Release|Any CPU.ActiveCfg = Release|Any CPU
		{9CF78801-ECF0-4E09-8292-33E39A995180}.Release|Any CPU.Build.0 = Release|Any CPU
		{BC45A9FE-D5FB-4A7E-A521-813DC4F1331C}.Debug|Any CPU.ActiveCfg = Debug|Any CPU
		{BC45A9FE-D5FB-4A7E-A521-813DC4F1331C}.Debug|Any CPU.Build.0 = Debug|Any CPU
		{BC45A9FE-D5FB-4A7E-A521-813DC4F1331C}.Release|Any CPU.ActiveCfg = Release|Any CPU
		{BC45A9FE-D5FB-4A7E-A521-813DC4F1331C}.Release|Any CPU.Build.0 = Release|Any CPU
		{6F7A9192-5E69-4833-9A60-7D380BC70F55}.Debug|Any CPU.ActiveCfg = Debug|Any CPU
		{6F7A9192-5E69-4833-9A60-7D380BC70F55}.Debug|Any CPU.Build.0 = Debug|Any CPU
		{6F7A9192-5E69-4833-9A60-7D380BC70F55}.Release|Any CPU.ActiveCfg = Release|Any CPU
		{6F7A9192-5E69-4833-9A60-7D380BC70F55}.Release|Any CPU.Build.0 = Release|Any CPU
		{74B87C44-DB3D-4DBC-9202-07B376564B2E}.Debug|Any CPU.ActiveCfg = Debug|Any CPU
		{74B87C44-DB3D-4DBC-9202-07B376564B2E}.Debug|Any CPU.Build.0 = Debug|Any CPU
		{74B87C44-DB3D-4DBC-9202-07B376564B2E}.Release|Any CPU.ActiveCfg = Release|Any CPU
		{74B87C44-DB3D-4DBC-9202-07B376564B2E}.Release|Any CPU.Build.0 = Release|Any CPU
		{12EC7B1E-F8D5-4A9D-8FB2-B68F191A95D0}.Debug|Any CPU.ActiveCfg = Debug|Any CPU
		{12EC7B1E-F8D5-4A9D-8FB2-B68F191A95D0}.Debug|Any CPU.Build.0 = Debug|Any CPU
		{12EC7B1E-F8D5-4A9D-8FB2-B68F191A95D0}.Release|Any CPU.ActiveCfg = Release|Any CPU
		{12EC7B1E-F8D5-4A9D-8FB2-B68F191A95D0}.Release|Any CPU.Build.0 = Release|Any CPU
	EndGlobalSection
	GlobalSection(SolutionProperties) = preSolution
		HideSolutionNode = FALSE
	EndGlobalSection
EndGlobal
