
Microsoft Visual Studio Solution File, Format Version 12.00
# Visual Studio 2013
VisualStudioVersion = 12.0.30501.0
MinimumVisualStudioVersion = 10.0.40219.1
Project("{FAE04EC0-301F-11D3-BF4B-00C04F79EFBC}") = "QRCode", "QRCode\QRCode.csproj", "{B93388B3-97C2-4C64-B53F-9DCD94AD4EB0}"
EndProject
Project("{FAE04EC0-301F-11D3-BF4B-00C04F79EFBC}") = "SerialQRReaders", "SerialQRReaders\SerialQRReaders.csproj", "{9DAB872C-27D2-4F1D-AB83-BCA3B33F498F}"
EndProject
Project("{FAE04EC0-301F-11D3-BF4B-00C04F79EFBC}") = "CVR_ID", "CVR_ID\CVR_ID.csproj", "{BABAE79F-14B6-4AE8-9B8E-0A49543F8CE2}"
EndProject
Project("{FAE04EC0-301F-11D3-BF4B-00C04F79EFBC}") = "MutsubishiLift", "MutsubishiLift\MutsubishiLift.csproj", "{FE01DB66-40AA-4D9B-BEEC-AB5BC40A2ABA}"
EndProject
Project("{FAE04EC0-301F-11D3-BF4B-00C04F79EFBC}") = "VGuangQRReader", "VGuangQRReader\VGuangQRReader.csproj", "{C7149832-8DAD-44D6-9112-508DC456D4E4}"
EndProject
Project("{FAE04EC0-301F-11D3-BF4B-00C04F79EFBC}") = "KanNaD-C2000", "KanNaD-C2000\KanNaD-C2000.csproj", "{5A0848C6-6812-4228-8EC0-AC73C3F75FE9}"
EndProject
Project("{FAE04EC0-301F-11D3-BF4B-00C04F79EFBC}") = "SR-104", "SR-104\SR-104.csproj", "{AF45CBE9-213F-4D9B-B9DB-F25016092F4C}"
EndProject
Project("{FAE04EC0-301F-11D3-BF4B-00C04F79EFBC}") = "KonNaD_Switch", "KanNaD-Switch\KonNaD_Switch.csproj", "{C893AE92-632A-4AC5-A48D-8E6D73A37700}"
EndProject
Project("{FAE04EC0-301F-11D3-BF4B-00C04F79EFBC}") = "SR104", "SR104\SR104.csproj", "{DF30F663-09EE-401B-B2B7-FDE1663BC422}"
EndProject
Project("{FAE04EC0-301F-11D3-BF4B-00C04F79EFBC}") = "Common", "Common\Common.csproj", "{D9A220D7-0C6C-4DFE-B183-DD41444886C7}"
EndProject
Project("{FAE04EC0-301F-11D3-BF4B-00C04F79EFBC}") = "Honeywell3580", "Honeywell3580\Honeywell3580.csproj", "{63EE42E0-044C-4148-A627-0D8B2E5ECB88}"
EndProject
Project("{FAE04EC0-301F-11D3-BF4B-00C04F79EFBC}") = "YowhaleAPI", "YowhaleAPI\YowhaleAPI.csproj", "{05868D0B-0A2B-417C-866D-C9FC08387894}"
EndProject
Global
	GlobalSection(SolutionConfigurationPlatforms) = preSolution
		Debug|Any CPU = Debug|Any CPU
		Release|Any CPU = Release|Any CPU
	EndGlobalSection
	GlobalSection(ProjectConfigurationPlatforms) = postSolution
		{B93388B3-97C2-4C64-B53F-9DCD94AD4EB0}.Debug|Any CPU.ActiveCfg = Debug|Any CPU
		{B93388B3-97C2-4C64-B53F-9DCD94AD4EB0}.Debug|Any CPU.Build.0 = Debug|Any CPU
		{B93388B3-97C2-4C64-B53F-9DCD94AD4EB0}.Release|Any CPU.ActiveCfg = Release|Any CPU
		{B93388B3-97C2-4C64-B53F-9DCD94AD4EB0}.Release|Any CPU.Build.0 = Release|Any CPU
		{9DAB872C-27D2-4F1D-AB83-BCA3B33F498F}.Debug|Any CPU.ActiveCfg = Debug|Any CPU
		{9DAB872C-27D2-4F1D-AB83-BCA3B33F498F}.Debug|Any CPU.Build.0 = Debug|Any CPU
		{9DAB872C-27D2-4F1D-AB83-BCA3B33F498F}.Release|Any CPU.ActiveCfg = Release|Any CPU
		{9DAB872C-27D2-4F1D-AB83-BCA3B33F498F}.Release|Any CPU.Build.0 = Release|Any CPU
		{BABAE79F-14B6-4AE8-9B8E-0A49543F8CE2}.Debug|Any CPU.ActiveCfg = Debug|Any CPU
		{BABAE79F-14B6-4AE8-9B8E-0A49543F8CE2}.Debug|Any CPU.Build.0 = Debug|Any CPU
		{BABAE79F-14B6-4AE8-9B8E-0A49543F8CE2}.Release|Any CPU.ActiveCfg = Release|Any CPU
		{BABAE79F-14B6-4AE8-9B8E-0A49543F8CE2}.Release|Any CPU.Build.0 = Release|Any CPU
		{FE01DB66-40AA-4D9B-BEEC-AB5BC40A2ABA}.Debug|Any CPU.ActiveCfg = Debug|Any CPU
		{FE01DB66-40AA-4D9B-BEEC-AB5BC40A2ABA}.Debug|Any CPU.Build.0 = Debug|Any CPU
		{FE01DB66-40AA-4D9B-BEEC-AB5BC40A2ABA}.Release|Any CPU.ActiveCfg = Release|Any CPU
		{FE01DB66-40AA-4D9B-BEEC-AB5BC40A2ABA}.Release|Any CPU.Build.0 = Release|Any CPU
		{C7149832-8DAD-44D6-9112-508DC456D4E4}.Debug|Any CPU.ActiveCfg = Debug|Any CPU
		{C7149832-8DAD-44D6-9112-508DC456D4E4}.Debug|Any CPU.Build.0 = Debug|Any CPU
		{C7149832-8DAD-44D6-9112-508DC456D4E4}.Release|Any CPU.ActiveCfg = Release|Any CPU
		{C7149832-8DAD-44D6-9112-508DC456D4E4}.Release|Any CPU.Build.0 = Release|Any CPU
		{5A0848C6-6812-4228-8EC0-AC73C3F75FE9}.Debug|Any CPU.ActiveCfg = Debug|Any CPU
		{5A0848C6-6812-4228-8EC0-AC73C3F75FE9}.Debug|Any CPU.Build.0 = Debug|Any CPU
		{5A0848C6-6812-4228-8EC0-AC73C3F75FE9}.Release|Any CPU.ActiveCfg = Release|Any CPU
		{5A0848C6-6812-4228-8EC0-AC73C3F75FE9}.Release|Any CPU.Build.0 = Release|Any CPU
		{AF45CBE9-213F-4D9B-B9DB-F25016092F4C}.Debug|Any CPU.ActiveCfg = Debug|Any CPU
		{AF45CBE9-213F-4D9B-B9DB-F25016092F4C}.Debug|Any CPU.Build.0 = Debug|Any CPU
		{AF45CBE9-213F-4D9B-B9DB-F25016092F4C}.Release|Any CPU.ActiveCfg = Release|Any CPU
		{AF45CBE9-213F-4D9B-B9DB-F25016092F4C}.Release|Any CPU.Build.0 = Release|Any CPU
		{C893AE92-632A-4AC5-A48D-8E6D73A37700}.Debug|Any CPU.ActiveCfg = Debug|Any CPU
		{C893AE92-632A-4AC5-A48D-8E6D73A37700}.Debug|Any CPU.Build.0 = Debug|Any CPU
		{C893AE92-632A-4AC5-A48D-8E6D73A37700}.Release|Any CPU.ActiveCfg = Release|Any CPU
		{C893AE92-632A-4AC5-A48D-8E6D73A37700}.Release|Any CPU.Build.0 = Release|Any CPU
		{DF30F663-09EE-401B-B2B7-FDE1663BC422}.Debug|Any CPU.ActiveCfg = Debug|Any CPU
		{DF30F663-09EE-401B-B2B7-FDE1663BC422}.Debug|Any CPU.Build.0 = Debug|Any CPU
		{DF30F663-09EE-401B-B2B7-FDE1663BC422}.Release|Any CPU.ActiveCfg = Release|Any CPU
		{DF30F663-09EE-401B-B2B7-FDE1663BC422}.Release|Any CPU.Build.0 = Release|Any CPU
		{D9A220D7-0C6C-4DFE-B183-DD41444886C7}.Debug|Any CPU.ActiveCfg = Debug|Any CPU
		{D9A220D7-0C6C-4DFE-B183-DD41444886C7}.Debug|Any CPU.Build.0 = Debug|Any CPU
		{D9A220D7-0C6C-4DFE-B183-DD41444886C7}.Release|Any CPU.ActiveCfg = Release|Any CPU
		{D9A220D7-0C6C-4DFE-B183-DD41444886C7}.Release|Any CPU.Build.0 = Release|Any CPU
		{63EE42E0-044C-4148-A627-0D8B2E5ECB88}.Debug|Any CPU.ActiveCfg = Debug|Any CPU
		{63EE42E0-044C-4148-A627-0D8B2E5ECB88}.Debug|Any CPU.Build.0 = Debug|Any CPU
		{63EE42E0-044C-4148-A627-0D8B2E5ECB88}.Release|Any CPU.ActiveCfg = Release|Any CPU
		{63EE42E0-044C-4148-A627-0D8B2E5ECB88}.Release|Any CPU.Build.0 = Release|Any CPU
		{05868D0B-0A2B-417C-866D-C9FC08387894}.Debug|Any CPU.ActiveCfg = Debug|Any CPU
		{05868D0B-0A2B-417C-866D-C9FC08387894}.Debug|Any CPU.Build.0 = Debug|Any CPU
		{05868D0B-0A2B-417C-866D-C9FC08387894}.Release|Any CPU.ActiveCfg = Release|Any CPU
		{05868D0B-0A2B-417C-866D-C9FC08387894}.Release|Any CPU.Build.0 = Release|Any CPU
	EndGlobalSection
	GlobalSection(SolutionProperties) = preSolution
		HideSolutionNode = FALSE
	EndGlobalSection
EndGlobal
